<?xml version="1.0" encoding="UTF-8" standalone="yes" ?>
<CodeBlocks_project_file>
	<FileVersion major="1" minor="6" />
	<Project>
		<Option title="CANN" />
		<Option pch_mode="2" />
		<Option compiler="gcc" />
		<Build>
			<Target title="Debug">
				<Option output="bin\Debug\CANN" prefix_auto="1" extension_auto="1" />
				<Option object_output="obj\Debug\" />
				<Option type="1" />
				<Option compiler="gcc" />
				<Option parameters="-a" />
				<Compiler>
					<Add option="-pedantic" />
					<Add option="-Wextra" />
					<Add option="-Wall" />
					<Add option="-g" />
					<Add option="-Werror -std=c99" />
				</Compiler>
			</Target>
			<Target title="Release">
				<Option output="bin\Release\CANN" prefix_auto="1" extension_auto="1" />
				<Option object_output="obj\Release\" />
				<Option type="1" />
				<Option compiler="gcc" />
				<Compiler>
					<Add option="-O2" />
					<Add option="-pipe -march=native --param=ssp-buffer-size=4 -D_FORTIFY_SOURCE=2" />
				</Compiler>
				<Linker>
					<Add option="-s" />
				</Linker>
			</Target>
		</Build>
		<Compiler>
			<Add option="-Wall" />
		</Compiler>
		<Unit filename="activation-functions.c">
			<Option compilerVar="CC" />
		</Unit>
		<Unit filename="activation-functions.h" />
		<Unit filename="error-data.c">
			<Option compilerVar="CC" />
		</Unit>
		<Unit filename="error-data.h" />
		<Unit filename="libcsv\csv.c">
			<Option compilerVar="CC" />
		</Unit>
		<Unit filename="libcsv\csv.h" />
		<Unit filename="libcsv\libcsv.c">
			<Option compilerVar="CC" />
		</Unit>
		<Unit filename="libcsv\libcsv.h" />
		<Unit filename="main.c">
			<Option compilerVar="CC" />
		</Unit>
		<Unit filename="neural-network.c">
			<Option compilerVar="CC" />
		</Unit>
		<Unit filename="neural-network.h" />
		<Unit filename="resilient-propagation.c">
			<Option compilerVar="CC" />
		</Unit>
		<Unit filename="resilient-propagation.h" />
		<Unit filename="time-series.c">
			<Option compilerVar="CC" />
		</Unit>
		<Unit filename="time-series.h" />
		<Unit filename="training-set.c">
			<Option compilerVar="CC" />
		</Unit>
		<Unit filename="training-set.h" />
		<Unit filename="training.c">
			<Option compilerVar="CC" />
		</Unit>
		<Unit filename="training.h" />
		<Unit filename="util\util.c">
			<Option compilerVar="CC" />
		</Unit>
		<Unit filename="util\util.h" />
		<Unit filename="validation.c">
			<Option compilerVar="CC" />
		</Unit>
		<Unit filename="validation.h" />
		<Extensions>
			<code_completion />
			<envvars />
			<debugger />
			<lib_finder disable_auto="1" />
		</Extensions>
	</Project>
</CodeBlocks_project_file>
